// !$*UTF8*$!
{
	archiveVersion = 1;
	classes = {
	};
	objectVersion = 50;
	objects = {

/* Begin PBXBuildFile section */
		DE10A6382181B004006FAFED /* AppDelegate.m in Sources */ = {isa = PBXBuildFile; fileRef = DE10A6372181B004006FAFED /* AppDelegate.m */; };
		DE10A63A2181B005006FAFED /* Assets.xcassets in Resources */ = {isa = PBXBuildFile; fileRef = DE10A6392181B005006FAFED /* Assets.xcassets */; };
		DE10A63D2181B005006FAFED /* MainMenu.xib in Resources */ = {isa = PBXBuildFile; fileRef = DE10A63B2181B005006FAFED /* MainMenu.xib */; };
		DE10A6402181B005006FAFED /* main.m in Sources */ = {isa = PBXBuildFile; fileRef = DE10A63F2181B005006FAFED /* main.m */; };
		DE10A6482181B131006FAFED /* ZXingObjC.framework in Frameworks */ = {isa = PBXBuildFile; fileRef = DE10A6472181B131006FAFED /* ZXingObjC.framework */; };
		DE10A6492181B131006FAFED /* ZXingObjC.framework in Embed Frameworks */ = {isa = PBXBuildFile; fileRef = DE10A6472181B131006FAFED /* ZXingObjC.framework */; settings = {ATTRIBUTES = (CodeSignOnCopy, RemoveHeadersOnCopy, ); }; };
		DE10A64D2181B15C006FAFED /* AVFoundation.framework in Frameworks */ = {isa = PBXBuildFile; fileRef = DE10A64C2181B15C006FAFED /* AVFoundation.framework */; };
		DE10A64F2181B166006FAFED /* CoreGraphics.framework in Frameworks */ = {isa = PBXBuildFile; fileRef = DE10A64E2181B166006FAFED /* CoreGraphics.framework */; };
		DE10A6512181B16F006FAFED /* CoreMedia.framework in Frameworks */ = {isa = PBXBuildFile; fileRef = DE10A6502181B16F006FAFED /* CoreMedia.framework */; };
		DE10A6532181B178006FAFED /* CoreVideo.framework in Frameworks */ = {isa = PBXBuildFile; fileRef = DE10A6522181B178006FAFED /* CoreVideo.framework */; };
		DE10A6552181B180006FAFED /* Foundation.framework in Frameworks */ = {isa = PBXBuildFile; fileRef = DE10A6542181B180006FAFED /* Foundation.framework */; };
		DE10A6572181B18F006FAFED /* ImageIO.framework in Frameworks */ = {isa = PBXBuildFile; fileRef = DE10A6562181B18F006FAFED /* ImageIO.framework */; };
		DE10A6592181B19A006FAFED /* QuartzCore.framework in Frameworks */ = {isa = PBXBuildFile; fileRef = DE10A6582181B19A006FAFED /* QuartzCore.framework */; };
/* End PBXBuildFile section */

/* Begin PBXCopyFilesBuildPhase section */
		DE10A64A2181B131006FAFED /* Embed Frameworks */ = {
			isa = PBXCopyFilesBuildPhase;
			buildActionMask = 2147483647;
			dstPath = "";
			dstSubfolderSpec = 10;
			files = (
				DE10A6492181B131006FAFED /* ZXingObjC.framework in Embed Frameworks */,
			);
			name = "Embed Frameworks";
			runOnlyForDeploymentPostprocessing = 0;
		};
/* End PBXCopyFilesBuildPhase section */

/* Begin PBXFileReference section */
		DE10A6332181B004006FAFED /* ZXingCode.app */ = {isa = PBXFileReference; explicitFileType = wrapper.application; includeInIndex = 0; path = ZXingCode.app; sourceTree = BUILT_PRODUCTS_DIR; };
		DE10A6362181B004006FAFED /* AppDelegate.h */ = {isa = PBXFileReference; lastKnownFileType = sourcecode.c.h; path = AppDelegate.h; sourceTree = "<group>"; };
		DE10A6372181B004006FAFED /* AppDelegate.m */ = {isa = PBXFileReference; lastKnownFileType = sourcecode.c.objc; path = AppDelegate.m; sourceTree = "<group>"; };
		DE10A6392181B005006FAFED /* Assets.xcassets */ = {isa = PBXFileReference; lastKnownFileType = folder.assetcatalog; path = Assets.xcassets; sourceTree = "<group>"; };
		DE10A63C2181B005006FAFED /* Base */ = {isa = PBXFileReference; lastKnownFileType = file.xib; name = Base; path = Base.lproj/MainMenu.xib; sourceTree = "<group>"; };
		DE10A63E2181B005006FAFED /* Info.plist */ = {isa = PBXFileReference; lastKnownFileType = text.plist.xml; path = Info.plist; sourceTree = "<group>"; };
		DE10A63F2181B005006FAFED /* main.m */ = {isa = PBXFileReference; lastKnownFileType = sourcecode.c.objc; path = main.m; sourceTree = "<group>"; };
		DE10A6412181B005006FAFED /* ZXingCode.entitlements */ = {isa = PBXFileReference; lastKnownFileType = text.plist.entitlements; path = ZXingCode.entitlements; sourceTree = "<group>"; };
		DE10A6472181B131006FAFED /* ZXingObjC.framework */ = {isa = PBXFileReference; lastKnownFileType = wrapper.framework; name = ZXingObjC.framework; path = ZXingCode/ZXingObjC.framework; sourceTree = "<group>"; };
		DE10A64C2181B15C006FAFED /* AVFoundation.framework */ = {isa = PBXFileReference; lastKnownFileType = wrapper.framework; name = AVFoundation.framework; path = System/Library/Frameworks/AVFoundation.framework; sourceTree = SDKROOT; };
		DE10A64E2181B166006FAFED /* CoreGraphics.framework */ = {isa = PBXFileReference; lastKnownFileType = wrapper.framework; name = CoreGraphics.framework; path = System/Library/Frameworks/CoreGraphics.framework; sourceTree = SDKROOT; };
		DE10A6502181B16F006FAFED /* CoreMedia.framework */ = {isa = PBXFileReference; lastKnownFileType = wrapper.framework; name = CoreMedia.framework; path = System/Library/Frameworks/CoreMedia.framework; sourceTree = SDKROOT; };
		DE10A6522181B178006FAFED /* CoreVideo.framework */ = {isa = PBXFileReference; lastKnownFileType = wrapper.framework; name = CoreVideo.framework; path = System/Library/Frameworks/CoreVideo.framework; sourceTree = SDKROOT; };
		DE10A6542181B180006FAFED /* Foundation.framework */ = {isa = PBXFileReference; lastKnownFileType = wrapper.framework; name = Foundation.framework; path = System/Library/Frameworks/Foundation.framework; sourceTree = SDKROOT; };
		DE10A6562181B18F006FAFED /* ImageIO.framework */ = {isa = PBXFileReference; lastKnownFileType = wrapper.framework; name = ImageIO.framework; path = System/Library/Frameworks/ImageIO.framework; sourceTree = SDKROOT; };
		DE10A6582181B19A006FAFED /* QuartzCore.framework */ = {isa = PBXFileReference; lastKnownFileType = wrapper.framework; name = QuartzCore.framework; path = System/Library/Frameworks/QuartzCore.framework; sourceTree = SDKROOT; };
/* End PBXFileReference section */

/* Begin PBXFrameworksBuildPhase section */
		DE10A6302181B004006FAFED /* Frameworks */ = {
			isa = PBXFrameworksBuildPhase;
			buildActionMask = 2147483647;
			files = (
				DE10A6592181B19A006FAFED /* QuartzCore.framework in Frameworks */,
				DE10A6572181B18F006FAFED /* ImageIO.framework in Frameworks */,
				DE10A6552181B180006FAFED /* Foundation.framework in Frameworks */,
				DE10A6532181B178006FAFED /* CoreVideo.framework in Frameworks */,
				DE10A6512181B16F006FAFED /* CoreMedia.framework in Frameworks */,
				DE10A64F2181B166006FAFED /* CoreGraphics.framework in Frameworks */,
				DE10A64D2181B15C006FAFED /* AVFoundation.framework in Frameworks */,
				DE10A6482181B131006FAFED /* ZXingObjC.framework in Frameworks */,
			);
			runOnlyForDeploymentPostprocessing = 0;
		};
/* End PBXFrameworksBuildPhase section */

/* Begin PBXGroup section */
		DE10A62A2181B004006FAFED = {
			isa = PBXGroup;
			children = (
				DE10A6472181B131006FAFED /* ZXingObjC.framework */,
				DE10A6352181B004006FAFED /* ZXingCode */,
				DE10A6342181B004006FAFED /* Products */,
				DE10A64B2181B15C006FAFED /* Frameworks */,
			);
			sourceTree = "<group>";
		};
		DE10A6342181B004006FAFED /* Products */ = {
			isa = PBXGroup;
			children = (
				DE10A6332181B004006FAFED /* ZXingCode.app */,
			);
			name = Products;
			sourceTree = "<group>";
		};
		DE10A6352181B004006FAFED /* ZXingCode */ = {
			isa = PBXGroup;
			children = (
				DE10A6362181B004006FAFED /* AppDelegate.h */,
				DE10A6372181B004006FAFED /* AppDelegate.m */,
				DE10A6392181B005006FAFED /* Assets.xcassets */,
				DE10A63B2181B005006FAFED /* MainMenu.xib */,
				DE10A63E2181B005006FAFED /* Info.plist */,
				DE10A63F2181B005006FAFED /* main.m */,
				DE10A6412181B005006FAFED /* ZXingCode.entitlements */,
			);
			path = ZXingCode;
			sourceTree = "<group>";
		};
		DE10A64B2181B15C006FAFED /* Frameworks */ = {
			isa = PBXGroup;
			children = (
				DE10A6582181B19A006FAFED /* QuartzCore.framework */,
				DE10A6562181B18F006FAFED /* ImageIO.framework */,
				DE10A6542181B180006FAFED /* Foundation.framework */,
				DE10A6522181B178006FAFED /* CoreVideo.framework */,
				DE10A6502181B16F006FAFED /* CoreMedia.framework */,
				DE10A64E2181B166006FAFED /* CoreGraphics.framework */,
				DE10A64C2181B15C006FAFED /* AVFoundation.framework */,
			);
			name = Frameworks;
			sourceTree = "<group>";
		};
/* End PBXGroup section */

/* Begin PBXNativeTarget section */
		DE10A6322181B004006FAFED /* ZXingCode */ = {
			isa = PBXNativeTarget;
			buildConfigurationList = DE10A6442181B005006FAFED /* Build configuration list for PBXNativeTarget "ZXingCode" */;
			buildPhases = (
				DE10A62F2181B004006FAFED /* Sources */,
				DE10A6302181B004006FAFED /* Frameworks */,
				DE10A6312181B004006FAFED /* Resources */,
				DE10A64A2181B131006FAFED /* Embed Frameworks */,
			);
			buildRules = (
			);
			dependencies = (
			);
			name = ZXingCode;
			productName = ZXingCode;
			productReference = DE10A6332181B004006FAFED /* ZXingCode.app */;
			productType = "com.apple.product-type.application";
		};
/* End PBXNativeTarget section */

/* Begin PBXProject section */
		DE10A62B2181B004006FAFED /* Project object */ = {
			isa = PBXProject;
			attributes = {
				LastUpgradeCheck = 1000;
				ORGANIZATIONNAME = "Dylan Xiao";
				TargetAttributes = {
					DE10A6322181B004006FAFED = {
						CreatedOnToolsVersion = 10.0;
						SystemCapabilities = {
							com.apple.Sandbox = {
								enabled = 0;
							};
						};
					};
				};
			};
			buildConfigurationList = DE10A62E2181B004006FAFED /* Build configuration list for PBXProject "ZXingCode" */;
			compatibilityVersion = "Xcode 9.3";
			developmentRegion = en;
			hasScannedForEncodings = 0;
			knownRegions = (
				en,
				Base,
			);
			mainGroup = DE10A62A2181B004006FAFED;
			productRefGroup = DE10A6342181B004006FAFED /* Products */;
			projectDirPath = "";
			projectRoot = "";
			targets = (
				DE10A6322181B004006FAFED /* ZXingCode */,
			);
		};
/* End PBXProject section */

/* Begin PBXResourcesBuildPhase section */
		DE10A6312181B004006FAFED /* Resources */ = {
			isa = PBXResourcesBuildPhase;
			buildActionMask = 2147483647;
			files = (
				DE10A63A2181B005006FAFED /* Assets.xcassets in Resources */,
				DE10A63D2181B005006FAFED /* MainMenu.xib in Resources */,
			);
			runOnlyForDeploymentPostprocessing = 0;
		};
/* End PBXResourcesBuildPhase section */

/* Begin PBXSourcesBuildPhase section */
		DE10A62F2181B004006FAFED /* Sources */ = {
			isa = PBXSourcesBuildPhase;
			buildActionMask = 2147483647;
			files = (
				DE10A6402181B005006FAFED /* main.m in Sources */,
				DE10A6382181B004006FAFED /* AppDelegate.m in Sources */,
			);
			runOnlyForDeploymentPostprocessing = 0;
		};
/* End PBXSourcesBuildPhase section */

/* Begin PBXVariantGroup section */
		DE10A63B2181B005006FAFED /* MainMenu.xib */ = {
			isa = PBXVariantGroup;
			children = (
				DE10A63C2181B005006FAFED /* Base */,
			);
			name = MainMenu.xib;
			sourceTree = "<group>";
		};
/* End PBXVariantGroup section */

/* Begin XCBuildConfiguration section */
		DE10A6422181B005006FAFED /* Debug */ = {
			isa = XCBuildConfiguration;
			buildSettings = {
				ALWAYS_SEARCH_USER_PATHS = NO;
				CLANG_ANALYZER_NONNULL = YES;
				CLANG_ANALYZER_NUMBER_OBJECT_CONVERSION = YES_AGGRESSIVE;
				CLANG_CXX_LANGUAGE_STANDARD = "gnu++14";
				CLANG_CXX_LIBRARY = "libc++";
				CLANG_ENABLE_MODULES = YES;
				CLANG_ENABLE_OBJC_ARC = YES;
				CLANG_ENABLE_OBJC_WEAK = YES;
				CLANG_WARN_BLOCK_CAPTURE_AUTORELEASING = YES;
				CLANG_WARN_BOOL_CONVERSION = YES;
				CLANG_WARN_COMMA = YES;
				CLANG_WARN_CONSTANT_CONVERSION = YES;
				CLANG_WARN_DEPRECATED_OBJC_IMPLEMENTATIONS = YES;
				CLANG_WARN_DIRECT_OBJC_ISA_USAGE = YES_ERROR;
				CLANG_WARN_DOCUMENTATION_COMMENTS = YES;
				CLANG_WARN_EMPTY_BODY = YES;
				CLANG_WARN_ENUM_CONVERSION = YES;
				CLANG_WARN_INFINITE_RECURSION = YES;
				CLANG_WARN_INT_CONVERSION = YES;
				CLANG_WARN_NON_LITERAL_NULL_CONVERSION = YES;
				CLANG_WARN_OBJC_IMPLICIT_RETAIN_SELF = YES;
				CLANG_WARN_OBJC_LITERAL_CONVERSION = YES;
				CLANG_WARN_OBJC_ROOT_CLASS = YES_ERROR;
				CLANG_WARN_RANGE_LOOP_ANALYSIS = YES;
				CLANG_WARN_STRICT_PROTOTYPES = YES;
				CLANG_WARN_SUSPICIOUS_MOVE = YES;
				CLANG_WARN_UNGUARDED_AVAILABILITY = YES_AGGRESSIVE;
				CLANG_WARN_UNREACHABLE_CODE = YES;
				CLANG_WARN__DUPLICATE_METHOD_MATCH = YES;
				CODE_SIGN_IDENTITY = "-";
				COPY_PHASE_STRIP = NO;
				DEBUG_INFORMATION_FORMAT = dwarf;
				ENABLE_STRICT_OBJC_MSGSEND = YES;
				ENABLE_TESTABILITY = YES;
				GCC_C_LANGUAGE_STANDARD = gnu11;
				GCC_DYNAMIC_NO_PIC = NO;
				GCC_NO_COMMON_BLOCKS = YES;
				GCC_OPTIMIZATION_LEVEL = 0;
				GCC_PREPROCESSOR_DEFINITIONS = (
					"DEBUG=1",
					"$(inherited)",
				);
				GCC_WARN_64_TO_32_BIT_CONVERSION = YES;
				GCC_WARN_ABOUT_RETURN_TYPE = YES_ERROR;
				GCC_WARN_UNDECLARED_SELECTOR = YES;
				GCC_WARN_UNINITIALIZED_AUTOS = YES_AGGRESSIVE;
				GCC_WARN_UNUSED_FUNCTION = YES;
				GCC_WARN_UNUSED_VARIABLE = YES;
				MACOSX_DEPLOYMENT_TARGET = 10.13;
				MTL_ENABLE_DEBUG_INFO = INCLUDE_SOURCE;
				MTL_FAST_MATH = YES;
				ONLY_ACTIVE_ARCH = YES;
				SDKROOT = macosx;
			};
			name = Debug;
		};
		DE10A6432181B005006FAFED /* Release */ = {
			isa = XCBuildConfiguration;
			buildSettings = {
				ALWAYS_SEARCH_USER_PATHS = NO;
				CLANG_ANALYZER_NONNULL = YES;
				CLANG_ANALYZER_NUMBER_OBJECT_CONVERSION = YES_AGGRESSIVE;
				CLANG_CXX_LANGUAGE_STANDARD = "gnu++14";
				CLANG_CXX_LIBRARY = "libc++";
				CLANG_ENABLE_MODULES = YES;
				CLANG_ENABLE_OBJC_ARC = YES;
				CLANG_ENABLE_OBJC_WEAK = YES;
				CLANG_WARN_BLOCK_CAPTURE_AUTORELEASING = YES;
				CLANG_WARN_BOOL_CONVERSION = YES;
				CLANG_WARN_COMMA = YES;
				CLANG_WARN_CONSTANT_CONVERSION = YES;
				CLANG_WARN_DEPRECATED_OBJC_IMPLEMENTATIONS = YES;
				CLANG_WARN_DIRECT_OBJC_ISA_USAGE = YES_ERROR;
				CLANG_WARN_DOCUMENTATION_COMMENTS = YES;
				CLANG_WARN_EMPTY_BODY = YES;
				CLANG_WARN_ENUM_CONVERSION = YES;
				CLANG_WARN_INFINITE_RECURSION = YES;
				CLANG_WARN_INT_CONVERSION = YES;
				CLANG_WARN_NON_LITERAL_NULL_CONVERSION = YES;
				CLANG_WARN_OBJC_IMPLICIT_RETAIN_SELF = YES;
				CLANG_WARN_OBJC_LITERAL_CONVERSION = YES;
				CLANG_WARN_OBJC_ROOT_CLASS = YES_ERROR;
				CLANG_WARN_RANGE_LOOP_ANALYSIS = YES;
				CLANG_WARN_STRICT_PROTOTYPES = YES;
				CLANG_WARN_SUSPICIOUS_MOVE = YES;
				CLANG_WARN_UNGUARDED_AVAILABILITY = YES_AGGRESSIVE;
				CLANG_WARN_UNREACHABLE_CODE = YES;
				CLANG_WARN__DUPLICATE_METHOD_MATCH = YES;
				CODE_SIGN_IDENTITY = "-";
				COPY_PHASE_STRIP = NO;
				DEBUG_INFORMATION_FORMAT = "dwarf-with-dsym";
				ENABLE_NS_ASSERTIONS = NO;
				ENABLE_STRICT_OBJC_MSGSEND = YES;
				GCC_C_LANGUAGE_STANDARD = gnu11;
				GCC_NO_COMMON_BLOCKS = YES;
				GCC_WARN_64_TO_32_BIT_CONVERSION = YES;
				GCC_WARN_ABOUT_RETURN_TYPE = YES_ERROR;
				GCC_WARN_UNDECLARED_SELECTOR = YES;
				GCC_WARN_UNINITIALIZED_AUTOS = YES_AGGRESSIVE;
				GCC_WARN_UNUSED_FUNCTION = YES;
				GCC_WARN_UNUSED_VARIABLE = YES;
				MACOSX_DEPLOYMENT_TARGET = 10.13;
				MTL_ENABLE_DEBUG_INFO = NO;
				MTL_FAST_MATH = YES;
				SDKROOT = macosx;
			};
			name = Release;
		};
		DE10A6452181B005006FAFED /* Debug */ = {
			isa = XCBuildConfiguration;
			buildSettings = {
				ASSETCATALOG_COMPILER_APPICON_NAME = AppIcon;
				CODE_SIGN_STYLE = Automatic;
				COMBINE_HIDPI_IMAGES = YES;
				FRAMEWORK_SEARCH_PATHS = (
					"$(inherited)",
					"$(PROJECT_DIR)/ZXingCode",
				);
				INFOPLIST_FILE = ZXingCode/Info.plist;
				LD_RUNPATH_SEARCH_PATHS = (
					"$(inherited)",
					"@executable_path/../Frameworks",
				);
				PRODUCT_BUNDLE_IDENTIFIER = com.BP.ZXingCode;
				PRODUCT_NAME = "$(TARGET_NAME)";
			};
			name = Debug;
		};
		DE10A6462181B005006FAFED /* Release */ = {
			isa = XCBuildConfiguration;
			buildSettings = {
				ASSETCATALOG_COMPILER_APPICON_NAME = AppIcon;
				CODE_SIGN_STYLE = Automatic;
				COMBINE_HIDPI_IMAGES = YES;
				FRAMEWORK_SEARCH_PATHS = (
					"$(inherited)",
					"$(PROJECT_DIR)/ZXingCode",
				);
				INFOPLIST_FILE = ZXingCode/Info.plist;
				LD_RUNPATH_SEARCH_PATHS = (
					"$(inherited)",
					"@executable_path/../Frameworks",
				);
				PRODUCT_BUNDLE_IDENTIFIER = com.BP.ZXingCode;
				PRODUCT_NAME = "$(TARGET_NAME)";
			};
			name = Release;
		};
/* End XCBuildConfiguration section */

/* Begin XCConfigurationList section */
		DE10A62E2181B004006FAFED /* Build configuration list for PBXProject "ZXingCode" */ = {
			isa = XCConfigurationList;
			buildConfigurations = (
				DE10A6422181B005006FAFED /* Debug */,
				DE10A6432181B005006FAFED /* Release */,
			);
			defaultConfigurationIsVisible = 0;
			defaultConfigurationName = Release;
		};
		DE10A6442181B005006FAFED /* Build configuration list for PBXNativeTarget "ZXingCode" */ = {
			isa = XCConfigurationList;
			buildConfigurations = (
				DE10A6452181B005006FAFED /* Debug */,
				DE10A6462181B005006FAFED /* Release */,
			);
			defaultConfigurationIsVisible = 0;
			defaultConfigurationName = Release;
		};
/* End XCConfigurationList section */
	};
	rootObject = DE10A62B2181B004006FAFED /* Project object */;
}
